
Microsoft Visual Studio Solution File, Format Version 11.00
# Visual C++ Express 2010
Project("{8BC9CEB8-8B4A-11D0-8D11-00A0C91BC942}") = "Pac", "Pac\Pac.vcxproj", "{B85301AA-1490-4B69-8E2D-9ECDE86EC3BC}"
EndProject
Global
	GlobalSection(SolutionConfigurationPlatforms) = preSolution
		Debug|Win32 = Debug|Win32
		Release|Win32 = Release|Win32
	EndGlobalSection
	GlobalSection(ProjectConfigurationPlatforms) = postSolution
		{B85301AA-1490-4B69-8E2D-9ECDE86EC3BC}.Debug|Win32.ActiveCfg = Debug|Win32
		{B85301AA-1490-4B69-8E2D-9ECDE86EC3BC}.Debug|Win32.Build.0 = Debug|Win32
		{B85301AA-1490-4B69-8E2D-9ECDE86EC3BC}.Release|Win32.ActiveCfg = Release|Win32
		{B85301AA-1490-4B69-8E2D-9ECDE86EC3BC}.Release|Win32.Build.0 = Release|Win32
	EndGlobalSection
	GlobalSection(SolutionProperties) = preSolution
		HideSolutionNode = FALSE
	EndGlobalSection
EndGlobal
